
Microsoft Visual Studio Solution File, Format Version 12.00
# Visual Studio Version 18
VisualStudioVersion = 18.2.11415.280 d18.0
MinimumVisualStudioVersion = 10.0.40219.1
Project("{FAE04EC0-301F-11D3-BF4B-00C04F79EFBC}") = "Abstracciones", "Abstracciones\Abstracciones.csproj", "{5EDA1691-CB9E-44BE-8574-89460559C8B9}"
EndProject
Project("{00D1A9C2-B5F0-4AF3-8072-F6C62B433612}") = "BD", "BD\BD.sqlproj", "{AAEEFC0C-7762-40F0-870D-2B412B959AEF}"
EndProject
Project("{FAE04EC0-301F-11D3-BF4B-00C04F79EFBC}") = "DA", "DA\DA.csproj", "{E510D13B-2EBF-4F3F-9979-CC9DF7C6795B}"
EndProject
Project("{FAE04EC0-301F-11D3-BF4B-00C04F79EFBC}") = "Flujo", "Flujo\Flujo.csproj", "{FA343CED-B9A3-46D8-8E65-0F08B84042DC}"
EndProject
Project("{FAE04EC0-301F-11D3-BF4B-00C04F79EFBC}") = "API", "API\API.csproj", "{9594E456-DB9A-44D1-9486-7000052E11E9}"
EndProject
Project("{FAE04EC0-301F-11D3-BF4B-00C04F79EFBC}") = "Servicios", "Servicios\Servicios.csproj", "{33D0C997-3FCC-485C-80AE-0CDF322BB3A3}"
EndProject
Project("{FAE04EC0-301F-11D3-BF4B-00C04F79EFBC}") = "Reglas", "Reglas\Reglas.csproj", "{4B5A3449-A445-438E-85D8-48065587CE91}"
EndProject
Global
	GlobalSection(SolutionConfigurationPlatforms) = preSolution
		Debug|Any CPU = Debug|Any CPU
		Release|Any CPU = Release|Any CPU
	EndGlobalSection
	GlobalSection(ProjectConfigurationPlatforms) = postSolution
		{5EDA1691-CB9E-44BE-8574-89460559C8B9}.Debug|Any CPU.ActiveCfg = Debug|Any CPU
		{5EDA1691-CB9E-44BE-8574-89460559C8B9}.Debug|Any CPU.Build.0 = Debug|Any CPU
		{5EDA1691-CB9E-44BE-8574-89460559C8B9}.Release|Any CPU.ActiveCfg = Release|Any CPU
		{5EDA1691-CB9E-44BE-8574-89460559C8B9}.Release|Any CPU.Build.0 = Release|Any CPU
		{AAEEFC0C-7762-40F0-870D-2B412B959AEF}.Debug|Any CPU.ActiveCfg = Debug|Any CPU
		{AAEEFC0C-7762-40F0-870D-2B412B959AEF}.Debug|Any CPU.Build.0 = Debug|Any CPU
		{AAEEFC0C-7762-40F0-870D-2B412B959AEF}.Debug|Any CPU.Deploy.0 = Debug|Any CPU
		{AAEEFC0C-7762-40F0-870D-2B412B959AEF}.Release|Any CPU.ActiveCfg = Release|Any CPU
		{AAEEFC0C-7762-40F0-870D-2B412B959AEF}.Release|Any CPU.Build.0 = Release|Any CPU
		{AAEEFC0C-7762-40F0-870D-2B412B959AEF}.Release|Any CPU.Deploy.0 = Release|Any CPU
		{E510D13B-2EBF-4F3F-9979-CC9DF7C6795B}.Debug|Any CPU.ActiveCfg = Debug|Any CPU
		{E510D13B-2EBF-4F3F-9979-CC9DF7C6795B}.Debug|Any CPU.Build.0 = Debug|Any CPU
		{E510D13B-2EBF-4F3F-9979-CC9DF7C6795B}.Release|Any CPU.ActiveCfg = Release|Any CPU
		{E510D13B-2EBF-4F3F-9979-CC9DF7C6795B}.Release|Any CPU.Build.0 = Release|Any CPU
		{FA343CED-B9A3-46D8-8E65-0F08B84042DC}.Debug|Any CPU.ActiveCfg = Debug|Any CPU
		{FA343CED-B9A3-46D8-8E65-0F08B84042DC}.Debug|Any CPU.Build.0 = Debug|Any CPU
		{FA343CED-B9A3-46D8-8E65-0F08B84042DC}.Release|Any CPU.ActiveCfg = Release|Any CPU
		{FA343CED-B9A3-46D8-8E65-0F08B84042DC}.Release|Any CPU.Build.0 = Release|Any CPU
		{9594E456-DB9A-44D1-9486-7000052E11E9}.Debug|Any CPU.ActiveCfg = Debug|Any CPU
		{9594E456-DB9A-44D1-9486-7000052E11E9}.Debug|Any CPU.Build.0 = Debug|Any CPU
		{9594E456-DB9A-44D1-9486-7000052E11E9}.Release|Any CPU.ActiveCfg = Release|Any CPU
		{9594E456-DB9A-44D1-9486-7000052E11E9}.Release|Any CPU.Build.0 = Release|Any CPU
		{33D0C997-3FCC-485C-80AE-0CDF322BB3A3}.Debug|Any CPU.ActiveCfg = Debug|Any CPU
		{33D0C997-3FCC-485C-80AE-0CDF322BB3A3}.Debug|Any CPU.Build.0 = Debug|Any CPU
		{33D0C997-3FCC-485C-80AE-0CDF322BB3A3}.Release|Any CPU.ActiveCfg = Release|Any CPU
		{33D0C997-3FCC-485C-80AE-0CDF322BB3A3}.Release|Any CPU.Build.0 = Release|Any CPU
		{4B5A3449-A445-438E-85D8-48065587CE91}.Debug|Any CPU.ActiveCfg = Debug|Any CPU
		{4B5A3449-A445-438E-85D8-48065587CE91}.Debug|Any CPU.Build.0 = Debug|Any CPU
		{4B5A3449-A445-438E-85D8-48065587CE91}.Release|Any CPU.ActiveCfg = Release|Any CPU
		{4B5A3449-A445-438E-85D8-48065587CE91}.Release|Any CPU.Build.0 = Release|Any CPU
	EndGlobalSection
	GlobalSection(SolutionProperties) = preSolution
		HideSolutionNode = FALSE
	EndGlobalSection
	GlobalSection(ExtensibilityGlobals) = postSolution
		SolutionGuid = {A135494C-CA17-480A-8D02-ECD53C03395F}
	EndGlobalSection
EndGlobal
